
Microsoft Visual Studio Solution File, Format Version 12.00
# Visual Studio Version 17
VisualStudioVersion = 17.13.35931.197 d17.13
MinimumVisualStudioVersion = 10.0.40219.1
Project("{FAE04EC0-301F-11D3-BF4B-00C04F79EFBC}") = "laboratorna №14", "laboratorna №14\laboratorna №14.csproj", "{EAC2C3F5-1E3D-4102-9B8D-4E762002A454}"
EndProject
Global
	GlobalSection(SolutionConfigurationPlatforms) = preSolution
		Debug|Any CPU = Debug|Any CPU
		Release|Any CPU = Release|Any CPU
	EndGlobalSection
	GlobalSection(ProjectConfigurationPlatforms) = postSolution
		{EAC2C3F5-1E3D-4102-9B8D-4E762002A454}.Debug|Any CPU.ActiveCfg = Debug|Any CPU
		{EAC2C3F5-1E3D-4102-9B8D-4E762002A454}.Debug|Any CPU.Build.0 = Debug|Any CPU
		{EAC2C3F5-1E3D-4102-9B8D-4E762002A454}.Release|Any CPU.ActiveCfg = Release|Any CPU
		{EAC2C3F5-1E3D-4102-9B8D-4E762002A454}.Release|Any CPU.Build.0 = Release|Any CPU
	EndGlobalSection
	GlobalSection(SolutionProperties) = preSolution
		HideSolutionNode = FALSE
	EndGlobalSection
	GlobalSection(ExtensibilityGlobals) = postSolution
		SolutionGuid = {60820BC2-1429-478F-A046-697EEA5E9D31}
	EndGlobalSection
EndGlobal
