
Microsoft Visual Studio Solution File, Format Version 12.00
# Visual Studio Version 17
VisualStudioVersion = 17.13.35931.197 d17.13
MinimumVisualStudioVersion = 10.0.40219.1
Project("{FAE04EC0-301F-11D3-BF4B-00C04F79EFBC}") = "laboratorna №11", "laboratorna №11\laboratorna №11.csproj", "{C47335EB-0A12-4985-8780-8D51C5127C51}"
EndProject
Global
	GlobalSection(SolutionConfigurationPlatforms) = preSolution
		Debug|Any CPU = Debug|Any CPU
		Release|Any CPU = Release|Any CPU
	EndGlobalSection
	GlobalSection(ProjectConfigurationPlatforms) = postSolution
		{C47335EB-0A12-4985-8780-8D51C5127C51}.Debug|Any CPU.ActiveCfg = Debug|Any CPU
		{C47335EB-0A12-4985-8780-8D51C5127C51}.Debug|Any CPU.Build.0 = Debug|Any CPU
		{C47335EB-0A12-4985-8780-8D51C5127C51}.Release|Any CPU.ActiveCfg = Release|Any CPU
		{C47335EB-0A12-4985-8780-8D51C5127C51}.Release|Any CPU.Build.0 = Release|Any CPU
	EndGlobalSection
	GlobalSection(SolutionProperties) = preSolution
		HideSolutionNode = FALSE
	EndGlobalSection
	GlobalSection(ExtensibilityGlobals) = postSolution
		SolutionGuid = {D37E4659-06C6-433E-BB14-12E588FC79DB}
	EndGlobalSection
EndGlobal
